
Microsoft Visual Studio Solution File, Format Version 12.00
# Visual Studio Version 17
VisualStudioVersion = 17.5.002.0
MinimumVisualStudioVersion = 10.0.40219.1
Project("{9A19103F-16F7-4668-BE54-9A1E7A4F7556}") = "slack-notice-bot-with-csharp", "slack-notice-bot-with-csharp.csproj", "{BCCCB7FD-D1F2-46F7-88C1-F7AA3F03FD08}"
EndProject
Global
	GlobalSection(SolutionConfigurationPlatforms) = preSolution
		Debug|Any CPU = Debug|Any CPU
		Release|Any CPU = Release|Any CPU
	EndGlobalSection
	GlobalSection(ProjectConfigurationPlatforms) = postSolution
		{BCCCB7FD-D1F2-46F7-88C1-F7AA3F03FD08}.Debug|Any CPU.ActiveCfg = Debug|Any CPU
		{BCCCB7FD-D1F2-46F7-88C1-F7AA3F03FD08}.Debug|Any CPU.Build.0 = Debug|Any CPU
		{BCCCB7FD-D1F2-46F7-88C1-F7AA3F03FD08}.Release|Any CPU.ActiveCfg = Release|Any CPU
		{BCCCB7FD-D1F2-46F7-88C1-F7AA3F03FD08}.Release|Any CPU.Build.0 = Release|Any CPU
	EndGlobalSection
	GlobalSection(SolutionProperties) = preSolution
		HideSolutionNode = FALSE
	EndGlobalSection
	GlobalSection(ExtensibilityGlobals) = postSolution
		SolutionGuid = {393D3A7C-3FD8-420D-B682-0D368ED02873}
	EndGlobalSection
EndGlobal
